lockfileVersion: '9.0'

settings:
  autoInstallPeers: true
  excludeLinksFromLockfile: false

importers:

  .:
    dependencies:
      '@dotenvx/dotenvx':
        specifier: ^1.42.0
        version: 1.42.0
      '@hono/node-server':
        specifier: ^1.14.1
        version: 1.14.1(hono@4.7.8)
      hono:
        specifier: ^4.7.8
        version: 4.7.8
    devDependencies:
      '@types/node':
        specifier: ^20.11.17
        version: 20.17.32
      tsx:
        specifier: ^4.7.1
        version: 4.19.4
      typescript:
        specifier: ^5.8.3
        version: 5.8.3

packages:

  '@dotenvx/dotenvx@1.42.0':
    resolution: {integrity: sha512-tvaUA4gX4QsYvXug+UuiXbHk20PacpFAyrxTHJJoJ2wiCjGzkfTIMgWlxJ2WKsGyUbNCAnQKRTStqO370uwAbA==}
    hasBin: true

  '@ecies/ciphers@0.2.3':
    resolution: {integrity: sha512-tapn6XhOueMwht3E2UzY0ZZjYokdaw9XtL9kEyjhQ/Fb9vL9xTFbOaI+fV0AWvTpYu4BNloC6getKW6NtSg4mA==}
    engines: {bun: '>=1', deno: '>=2', node: '>=16'}
    peerDependencies:
      '@noble/ciphers': ^1.0.0

  '@esbuild/aix-ppc64@0.25.3':
    resolution: {integrity: sha512-W8bFfPA8DowP8l//sxjJLSLkD8iEjMc7cBVyP+u4cEv9sM7mdUCkgsj+t0n/BWPFtv7WWCN5Yzj0N6FJNUUqBQ==}
    engines: {node: '>=18'}
    cpu: [ppc64]
    os: [aix]

  '@esbuild/android-arm64@0.25.3':
    resolution: {integrity: sha512-XelR6MzjlZuBM4f5z2IQHK6LkK34Cvv6Rj2EntER3lwCBFdg6h2lKbtRjpTTsdEjD/WSe1q8UyPBXP1x3i/wYQ==}
    engines: {node: '>=18'}
    cpu: [arm64]
    os: [android]

  '@esbuild/android-arm@0.25.3':
    resolution: {integrity: sha512-PuwVXbnP87Tcff5I9ngV0lmiSu40xw1At6i3GsU77U7cjDDB4s0X2cyFuBiDa1SBk9DnvWwnGvVaGBqoFWPb7A==}
    engines: {node: '>=18'}
    cpu: [arm]
    os: [android]

  '@esbuild/android-x64@0.25.3':
    resolution: {integrity: sha512-ogtTpYHT/g1GWS/zKM0cc/tIebFjm1F9Aw1boQ2Y0eUQ+J89d0jFY//s9ei9jVIlkYi8AfOjiixcLJSGNSOAdQ==}
    engines: {node: '>=18'}
    cpu: [x64]
    os: [android]

  '@esbuild/darwin-arm64@0.25.3':
    resolution: {integrity: sha512-eESK5yfPNTqpAmDfFWNsOhmIOaQA59tAcF/EfYvo5/QWQCzXn5iUSOnqt3ra3UdzBv073ykTtmeLJZGt3HhA+w==}
    engines: {node: '>=18'}
    cpu: [arm64]
    os: [darwin]

  '@esbuild/darwin-x64@0.25.3':
    resolution: {integrity: sha512-Kd8glo7sIZtwOLcPbW0yLpKmBNWMANZhrC1r6K++uDR2zyzb6AeOYtI6udbtabmQpFaxJ8uduXMAo1gs5ozz8A==}
    engines: {node: '>=18'}
    cpu: [x64]
    os: [darwin]

  '@esbuild/freebsd-arm64@0.25.3':
    resolution: {integrity: sha512-EJiyS70BYybOBpJth3M0KLOus0n+RRMKTYzhYhFeMwp7e/RaajXvP+BWlmEXNk6uk+KAu46j/kaQzr6au+JcIw==}
    engines: {node: '>=18'}
    cpu: [arm64]
    os: [freebsd]

  '@esbuild/freebsd-x64@0.25.3':
    resolution: {integrity: sha512-Q+wSjaLpGxYf7zC0kL0nDlhsfuFkoN+EXrx2KSB33RhinWzejOd6AvgmP5JbkgXKmjhmpfgKZq24pneodYqE8Q==}
    engines: {node: '>=18'}
    cpu: [x64]
    os: [freebsd]

  '@esbuild/linux-arm64@0.25.3':
    resolution: {integrity: sha512-xCUgnNYhRD5bb1C1nqrDV1PfkwgbswTTBRbAd8aH5PhYzikdf/ddtsYyMXFfGSsb/6t6QaPSzxtbfAZr9uox4A==}
    engines: {node: '>=18'}
    cpu: [arm64]
    os: [linux]

  '@esbuild/linux-arm@0.25.3':
    resolution: {integrity: sha512-dUOVmAUzuHy2ZOKIHIKHCm58HKzFqd+puLaS424h6I85GlSDRZIA5ycBixb3mFgM0Jdh+ZOSB6KptX30DD8YOQ==}
    engines: {node: '>=18'}
    cpu: [arm]
    os: [linux]

  '@esbuild/linux-ia32@0.25.3':
    resolution: {integrity: sha512-yplPOpczHOO4jTYKmuYuANI3WhvIPSVANGcNUeMlxH4twz/TeXuzEP41tGKNGWJjuMhotpGabeFYGAOU2ummBw==}
    engines: {node: '>=18'}
    cpu: [ia32]
    os: [linux]

  '@esbuild/linux-loong64@0.25.3':
    resolution: {integrity: sha512-P4BLP5/fjyihmXCELRGrLd793q/lBtKMQl8ARGpDxgzgIKJDRJ/u4r1A/HgpBpKpKZelGct2PGI4T+axcedf6g==}
    engines: {node: '>=18'}
    cpu: [loong64]
    os: [linux]

  '@esbuild/linux-mips64el@0.25.3':
    resolution: {integrity: sha512-eRAOV2ODpu6P5divMEMa26RRqb2yUoYsuQQOuFUexUoQndm4MdpXXDBbUoKIc0iPa4aCO7gIhtnYomkn2x+bag==}
    engines: {node: '>=18'}
    cpu: [mips64el]
    os: [linux]

  '@esbuild/linux-ppc64@0.25.3':
    resolution: {integrity: sha512-ZC4jV2p7VbzTlnl8nZKLcBkfzIf4Yad1SJM4ZMKYnJqZFD4rTI+pBG65u8ev4jk3/MPwY9DvGn50wi3uhdaghg==}
    engines: {node: '>=18'}
    cpu: [ppc64]
    os: [linux]

  '@esbuild/linux-riscv64@0.25.3':
    resolution: {integrity: sha512-LDDODcFzNtECTrUUbVCs6j9/bDVqy7DDRsuIXJg6so+mFksgwG7ZVnTruYi5V+z3eE5y+BJZw7VvUadkbfg7QA==}
    engines: {node: '>=18'}
    cpu: [riscv64]
    os: [linux]

  '@esbuild/linux-s390x@0.25.3':
    resolution: {integrity: sha512-s+w/NOY2k0yC2p9SLen+ymflgcpRkvwwa02fqmAwhBRI3SC12uiS10edHHXlVWwfAagYSY5UpmT/zISXPMW3tQ==}
    engines: {node: '>=18'}
    cpu: [s390x]
    os: [linux]

  '@esbuild/linux-x64@0.25.3':
    resolution: {integrity: sha512-nQHDz4pXjSDC6UfOE1Fw9Q8d6GCAd9KdvMZpfVGWSJztYCarRgSDfOVBY5xwhQXseiyxapkiSJi/5/ja8mRFFA==}
    engines: {node: '>=18'}
    cpu: [x64]
    os: [linux]

  '@esbuild/netbsd-arm64@0.25.3':
    resolution: {integrity: sha512-1QaLtOWq0mzK6tzzp0jRN3eccmN3hezey7mhLnzC6oNlJoUJz4nym5ZD7mDnS/LZQgkrhEbEiTn515lPeLpgWA==}
    engines: {node: '>=18'}
    cpu: [arm64]
    os: [netbsd]

  '@esbuild/netbsd-x64@0.25.3':
    resolution: {integrity: sha512-i5Hm68HXHdgv8wkrt+10Bc50zM0/eonPb/a/OFVfB6Qvpiirco5gBA5bz7S2SHuU+Y4LWn/zehzNX14Sp4r27g==}
    engines: {node: '>=18'}
    cpu: [x64]
    os: [netbsd]

  '@esbuild/openbsd-arm64@0.25.3':
    resolution: {integrity: sha512-zGAVApJEYTbOC6H/3QBr2mq3upG/LBEXr85/pTtKiv2IXcgKV0RT0QA/hSXZqSvLEpXeIxah7LczB4lkiYhTAQ==}
    engines: {node: '>=18'}
    cpu: [arm64]
    os: [openbsd]

  '@esbuild/openbsd-x64@0.25.3':
    resolution: {integrity: sha512-fpqctI45NnCIDKBH5AXQBsD0NDPbEFczK98hk/aa6HJxbl+UtLkJV2+Bvy5hLSLk3LHmqt0NTkKNso1A9y1a4w==}
    engines: {node: '>=18'}
    cpu: [x64]
    os: [openbsd]

  '@esbuild/sunos-x64@0.25.3':
    resolution: {integrity: sha512-ROJhm7d8bk9dMCUZjkS8fgzsPAZEjtRJqCAmVgB0gMrvG7hfmPmz9k1rwO4jSiblFjYmNvbECL9uhaPzONMfgA==}
    engines: {node: '>=18'}
    cpu: [x64]
    os: [sunos]

  '@esbuild/win32-arm64@0.25.3':
    resolution: {integrity: sha512-YWcow8peiHpNBiIXHwaswPnAXLsLVygFwCB3A7Bh5jRkIBFWHGmNQ48AlX4xDvQNoMZlPYzjVOQDYEzWCqufMQ==}
    engines: {node: '>=18'}
    cpu: [arm64]
    os: [win32]

  '@esbuild/win32-ia32@0.25.3':
    resolution: {integrity: sha512-qspTZOIGoXVS4DpNqUYUs9UxVb04khS1Degaw/MnfMe7goQ3lTfQ13Vw4qY/Nj0979BGvMRpAYbs/BAxEvU8ew==}
    engines: {node: '>=18'}
    cpu: [ia32]
    os: [win32]

  '@esbuild/win32-x64@0.25.3':
    resolution: {integrity: sha512-ICgUR+kPimx0vvRzf+N/7L7tVSQeE3BYY+NhHRHXS1kBuPO7z2+7ea2HbhDyZdTephgvNvKrlDDKUexuCVBVvg==}
    engines: {node: '>=18'}
    cpu: [x64]
    os: [win32]

  '@hono/node-server@1.14.1':
    resolution: {integrity: sha512-vmbuM+HPinjWzPe7FFPWMMQMsbKE9gDPhaH0FFdqbGpkT5lp++tcWDTxwBl5EgS5y6JVgIaCdjeHRfQ4XRBRjQ==}
    engines: {node: '>=18.14.1'}
    peerDependencies:
      hono: ^4

  '@noble/ciphers@1.3.0':
    resolution: {integrity: sha512-2I0gnIVPtfnMw9ee9h1dJG7tp81+8Ob3OJb3Mv37rx5L40/b0i7djjCVvGOVqc9AEIQyvyu1i6ypKdFw8R8gQw==}
    engines: {node: ^14.21.3 || >=16}

  '@noble/curves@1.9.0':
    resolution: {integrity: sha512-7YDlXiNMdO1YZeH6t/kvopHHbIZzlxrCV9WLqCY6QhcXOoXiNCMDqJIglZ9Yjx5+w7Dz30TITFrlTjnRg7sKEg==}
    engines: {node: ^14.21.3 || >=16}

  '@noble/hashes@1.8.0':
    resolution: {integrity: sha512-jCs9ldd7NwzpgXDIf6P3+NrHh9/sD6CQdxHyjQI+h/6rDNo88ypBxxz45UDuZHz9r3tNz7N/VInSVoVdtXEI4A==}
    engines: {node: ^14.21.3 || >=16}

  '@types/node@20.17.32':
    resolution: {integrity: sha512-zeMXFn8zQ+UkjK4ws0RiOC9EWByyW1CcVmLe+2rQocXRsGEDxUCwPEIVgpsGcLHS/P8JkT0oa3839BRABS0oPw==}

  commander@11.1.0:
    resolution: {integrity: sha512-yPVavfyCcRhmorC7rWlkHn15b4wDVgVmBA7kV4QVBsF7kv/9TKJAbAXVTxvTnwP8HHKjRCJDClKbciiYS7p0DQ==}
    engines: {node: '>=16'}

  cross-spawn@7.0.6:
    resolution: {integrity: sha512-uV2QOWP2nWzsy2aMp8aRibhi9dlzF5Hgh5SHaB9OiTGEyDTiJJyx0uy51QXdyWbtAHNua4XJzUKca3OzKUd3vA==}
    engines: {node: '>= 8'}

  dotenv@16.5.0:
    resolution: {integrity: sha512-m/C+AwOAr9/W1UOIZUo232ejMNnJAJtYQjUbHoNTBNTJSvqzzDh7vnrei3o3r3m9blf6ZoDkvcw0VmozNRFJxg==}
    engines: {node: '>=12'}

  eciesjs@0.4.14:
    resolution: {integrity: sha512-eJAgf9pdv214Hn98FlUzclRMYWF7WfoLlkS9nWMTm1qcCwn6Ad4EGD9lr9HXMBfSrZhYQujRE+p0adPRkctC6A==}
    engines: {bun: '>=1', deno: '>=2', node: '>=16'}

  esbuild@0.25.3:
    resolution: {integrity: sha512-qKA6Pvai73+M2FtftpNKRxJ78GIjmFXFxd/1DVBqGo/qNhLSfv+G12n9pNoWdytJC8U00TrViOwpjT0zgqQS8Q==}
    engines: {node: '>=18'}
    hasBin: true

  execa@5.1.1:
    resolution: {integrity: sha512-8uSpZZocAZRBAPIEINJj3Lo9HyGitllczc27Eh5YYojjMFMn8yHMDMaUHE2Jqfq05D/wucwI4JGURyXt1vchyg==}
    engines: {node: '>=10'}

  fdir@6.4.4:
    resolution: {integrity: sha512-1NZP+GK4GfuAv3PqKvxQRDMjdSRZjnkq7KfhlNrCNNlZ0ygQFpebfrnfnq/W7fpUnAv9aGWmY1zKx7FYL3gwhg==}
    peerDependencies:
      picomatch: ^3 || ^4
    peerDependenciesMeta:
      picomatch:
        optional: true

  fsevents@2.3.3:
    resolution: {integrity: sha512-5xoDfX+fL7faATnagmWPpbFtwh/R77WmMMqqHGS65C3vvB0YHrgF+B1YmZ3441tMj5n63k0212XNoJwzlhffQw==}
    engines: {node: ^8.16.0 || ^10.6.0 || >=11.0.0}
    os: [darwin]

  get-stream@6.0.1:
    resolution: {integrity: sha512-ts6Wi+2j3jQjqi70w5AlN8DFnkSwC+MqmxEzdEALB2qXZYV3X/b1CTfgPLGJNMeAWxdPfU8FO1ms3NUfaHCPYg==}
    engines: {node: '>=10'}

  get-tsconfig@4.10.0:
    resolution: {integrity: sha512-kGzZ3LWWQcGIAmg6iWvXn0ei6WDtV26wzHRMwDSzmAbcXrTEXxHy6IehI6/4eT6VRKyMP1eF1VqwrVUmE/LR7A==}

  hono@4.7.8:
    resolution: {integrity: sha512-PCibtFdxa7/Ldud9yddl1G81GjYaeMYYTq4ywSaNsYbB1Lug4mwtOMJf2WXykL0pntYwmpRJeOI3NmoDgD+Jxw==}
    engines: {node: '>=16.9.0'}

  human-signals@2.1.0:
    resolution: {integrity: sha512-B4FFZ6q/T2jhhksgkbEW3HBvWIfDW85snkQgawt07S7J5QXTk6BkNV+0yAeZrM5QpMAdYlocGoljn0sJ/WQkFw==}
    engines: {node: '>=10.17.0'}

  ignore@5.3.2:
    resolution: {integrity: sha512-hsBTNUqQTDwkWtcdYI2i06Y/nUBEsNEDJKjWdigLvegy8kDuJAS8uRlpkkcQpyEXL0Z/pjDy5HBmMjRCJ2gq+g==}
    engines: {node: '>= 4'}

  is-stream@2.0.1:
    resolution: {integrity: sha512-hFoiJiTl63nn+kstHGBtewWSKnQLpyb155KHheA1l39uvtO9nWIop1p3udqPcUd/xbF1VLMO4n7OI6p7RbngDg==}
    engines: {node: '>=8'}

  isexe@2.0.0:
    resolution: {integrity: sha512-RHxMLp9lnKHGHRng9QFhRCMbYAcVpn69smSGcq3f36xjgVVWThj4qqLbTLlq7Ssj8B+fIQ1EuCEGI2lKsyQeIw==}

  isexe@3.1.1:
    resolution: {integrity: sha512-LpB/54B+/2J5hqQ7imZHfdU31OlgQqx7ZicVlkm9kzg9/w8GKLEcFfJl/t7DCEDueOyBAD6zCCwTO6Fzs0NoEQ==}
    engines: {node: '>=16'}

  merge-stream@2.0.0:
    resolution: {integrity: sha512-abv/qOcuPfk3URPfDzmZU1LKmuw8kT+0nIHvKrKgFrwifol/doWcdA4ZqsWQ8ENrFKkd67Mfpo/LovbIUsbt3w==}

  mimic-fn@2.1.0:
    resolution: {integrity: sha512-OqbOk5oEQeAZ8WXWydlu9HJjz9WVdEIvamMCcXmuqUYjTknH/sqsWvhQ3vgwKFRR1HpjvNBKQ37nbJgYzGqGcg==}
    engines: {node: '>=6'}

  npm-run-path@4.0.1:
    resolution: {integrity: sha512-S48WzZW777zhNIrn7gxOlISNAqi9ZC/uQFnRdbeIHhZhCA6UqpkOT8T1G7BvfdgP4Er8gF4sUbaS0i7QvIfCWw==}
    engines: {node: '>=8'}

  object-treeify@1.1.33:
    resolution: {integrity: sha512-EFVjAYfzWqWsBMRHPMAXLCDIJnpMhdWAqR7xG6M6a2cs6PMFpl/+Z20w9zDW4vkxOFfddegBKq9Rehd0bxWE7A==}
    engines: {node: '>= 10'}

  onetime@5.1.2:
    resolution: {integrity: sha512-kbpaSSGJTWdAY5KPVeMOKXSrPtr8C8C7wodJbcsd51jRnmD+GZu8Y0VoU6Dm5Z4vWr0Ig/1NKuWRKf7j5aaYSg==}
    engines: {node: '>=6'}

  path-key@3.1.1:
    resolution: {integrity: sha512-ojmeN0qd+y0jszEtoY48r0Peq5dwMEkIlCOu6Q5f41lfkswXuKtYrhgoTpLnyIcHm24Uhqx+5Tqm2InSwLhE6Q==}
    engines: {node: '>=8'}

  picomatch@4.0.2:
    resolution: {integrity: sha512-M7BAV6Rlcy5u+m6oPhAPFgJTzAioX/6B0DxyvDlo9l8+T3nLKbrczg2WLUyzd45L8RqfUMyGPzekbMvX2Ldkwg==}
    engines: {node: '>=12'}

  resolve-pkg-maps@1.0.0:
    resolution: {integrity: sha512-seS2Tj26TBVOC2NIc2rOe2y2ZO7efxITtLZcGSOnHHNOQ7CkiUBfw0Iw2ck6xkIhPwLhKNLS8BO+hEpngQlqzw==}

  shebang-command@2.0.0:
    resolution: {integrity: sha512-kHxr2zZpYtdmrN1qDjrrX/Z1rR1kG8Dx+gkpK1G4eXmvXswmcE1hTWBWYUzlraYw1/yZp6YuDY77YtvbN0dmDA==}
    engines: {node: '>=8'}

  shebang-regex@3.0.0:
    resolution: {integrity: sha512-7++dFhtcx3353uBaq8DDR4NuxBetBzC7ZQOhmTQInHEd6bSrXdiEyzCvG07Z44UYdLShWUyXt5M/yhz8ekcb1A==}
    engines: {node: '>=8'}

  signal-exit@3.0.7:
    resolution: {integrity: sha512-wnD2ZE+l+SPC/uoS0vXeE9L1+0wuaMqKlfz9AMUo38JsyLSBWSFcHR1Rri62LZc12vLr1gb3jl7iwQhgwpAbGQ==}

  strip-final-newline@2.0.0:
    resolution: {integrity: sha512-BrpvfNAE3dcvq7ll3xVumzjKjZQ5tI1sEUIKr3Uoks0XUl45St3FlatVqef9prk4jRDzhW6WZg+3bk93y6pLjA==}
    engines: {node: '>=6'}

  tsx@4.19.4:
    resolution: {integrity: sha512-gK5GVzDkJK1SI1zwHf32Mqxf2tSJkNx+eYcNly5+nHvWqXUJYUkWBQtKauoESz3ymezAI++ZwT855x5p5eop+Q==}
    engines: {node: '>=18.0.0'}
    hasBin: true

  typescript@5.8.3:
    resolution: {integrity: sha512-p1diW6TqL9L07nNxvRMM7hMMw4c5XOo/1ibL4aAIGmSAt9slTE1Xgw5KWuof2uTOvCg9BY7ZRi+GaF+7sfgPeQ==}
    engines: {node: '>=14.17'}
    hasBin: true

  undici-types@6.19.8:
    resolution: {integrity: sha512-ve2KP6f/JnbPBFyobGHuerC9g1FYGn/F8n1LWTwNxCEzd6IfqTwUQcNXgEtmmQ6DlRrC1hrSrBnCZPokRrDHjw==}

  which@2.0.2:
    resolution: {integrity: sha512-BLI3Tl1TW3Pvl70l3yq3Y64i+awpwXqsGBYWkkqMtnbXgrMD+yj7rhW0kuEDxzJaYXGjEW5ogapKNMEKNMjibA==}
    engines: {node: '>= 8'}
    hasBin: true

  which@4.0.0:
    resolution: {integrity: sha512-GlaYyEb07DPxYCKhKzplCWBJtvxZcZMrL+4UkrTSJHHPyZU4mYYTv3qaOe77H7EODLSSopAUFAc6W8U4yqvscg==}
    engines: {node: ^16.13.0 || >=18.0.0}
    hasBin: true

snapshots:

  '@dotenvx/dotenvx@1.42.0':
    dependencies:
      commander: 11.1.0
      dotenv: 16.5.0
      eciesjs: 0.4.14
      execa: 5.1.1
      fdir: 6.4.4(picomatch@4.0.2)
      ignore: 5.3.2
      object-treeify: 1.1.33
      picomatch: 4.0.2
      which: 4.0.0

  '@ecies/ciphers@0.2.3(@noble/ciphers@1.3.0)':
    dependencies:
      '@noble/ciphers': 1.3.0

  '@esbuild/aix-ppc64@0.25.3':
    optional: true

  '@esbuild/android-arm64@0.25.3':
    optional: true

  '@esbuild/android-arm@0.25.3':
    optional: true

  '@esbuild/android-x64@0.25.3':
    optional: true

  '@esbuild/darwin-arm64@0.25.3':
    optional: true

  '@esbuild/darwin-x64@0.25.3':
    optional: true

  '@esbuild/freebsd-arm64@0.25.3':
    optional: true

  '@esbuild/freebsd-x64@0.25.3':
    optional: true

  '@esbuild/linux-arm64@0.25.3':
    optional: true

  '@esbuild/linux-arm@0.25.3':
    optional: true

  '@esbuild/linux-ia32@0.25.3':
    optional: true

  '@esbuild/linux-loong64@0.25.3':
    optional: true

  '@esbuild/linux-mips64el@0.25.3':
    optional: true

  '@esbuild/linux-ppc64@0.25.3':
    optional: true

  '@esbuild/linux-riscv64@0.25.3':
    optional: true

  '@esbuild/linux-s390x@0.25.3':
    optional: true

  '@esbuild/linux-x64@0.25.3':
    optional: true

  '@esbuild/netbsd-arm64@0.25.3':
    optional: true

  '@esbuild/netbsd-x64@0.25.3':
    optional: true

  '@esbuild/openbsd-arm64@0.25.3':
    optional: true

  '@esbuild/openbsd-x64@0.25.3':
    optional: true

  '@esbuild/sunos-x64@0.25.3':
    optional: true

  '@esbuild/win32-arm64@0.25.3':
    optional: true

  '@esbuild/win32-ia32@0.25.3':
    optional: true

  '@esbuild/win32-x64@0.25.3':
    optional: true

  '@hono/node-server@1.14.1(hono@4.7.8)':
    dependencies:
      hono: 4.7.8

  '@noble/ciphers@1.3.0': {}

  '@noble/curves@1.9.0':
    dependencies:
      '@noble/hashes': 1.8.0

  '@noble/hashes@1.8.0': {}

  '@types/node@20.17.32':
    dependencies:
      undici-types: 6.19.8

  commander@11.1.0: {}

  cross-spawn@7.0.6:
    dependencies:
      path-key: 3.1.1
      shebang-command: 2.0.0
      which: 2.0.2

  dotenv@16.5.0: {}

  eciesjs@0.4.14:
    dependencies:
      '@ecies/ciphers': 0.2.3(@noble/ciphers@1.3.0)
      '@noble/ciphers': 1.3.0
      '@noble/curves': 1.9.0
      '@noble/hashes': 1.8.0

  esbuild@0.25.3:
    optionalDependencies:
      '@esbuild/aix-ppc64': 0.25.3
      '@esbuild/android-arm': 0.25.3
      '@esbuild/android-arm64': 0.25.3
      '@esbuild/android-x64': 0.25.3
      '@esbuild/darwin-arm64': 0.25.3
      '@esbuild/darwin-x64': 0.25.3
      '@esbuild/freebsd-arm64': 0.25.3
      '@esbuild/freebsd-x64': 0.25.3
      '@esbuild/linux-arm': 0.25.3
      '@esbuild/linux-arm64': 0.25.3
      '@esbuild/linux-ia32': 0.25.3
      '@esbuild/linux-loong64': 0.25.3
      '@esbuild/linux-mips64el': 0.25.3
      '@esbuild/linux-ppc64': 0.25.3
      '@esbuild/linux-riscv64': 0.25.3
      '@esbuild/linux-s390x': 0.25.3
      '@esbuild/linux-x64': 0.25.3
      '@esbuild/netbsd-arm64': 0.25.3
      '@esbuild/netbsd-x64': 0.25.3
      '@esbuild/openbsd-arm64': 0.25.3
      '@esbuild/openbsd-x64': 0.25.3
      '@esbuild/sunos-x64': 0.25.3
      '@esbuild/win32-arm64': 0.25.3
      '@esbuild/win32-ia32': 0.25.3
      '@esbuild/win32-x64': 0.25.3

  execa@5.1.1:
    dependencies:
      cross-spawn: 7.0.6
      get-stream: 6.0.1
      human-signals: 2.1.0
      is-stream: 2.0.1
      merge-stream: 2.0.0
      npm-run-path: 4.0.1
      onetime: 5.1.2
      signal-exit: 3.0.7
      strip-final-newline: 2.0.0

  fdir@6.4.4(picomatch@4.0.2):
    optionalDependencies:
      picomatch: 4.0.2

  fsevents@2.3.3:
    optional: true

  get-stream@6.0.1: {}

  get-tsconfig@4.10.0:
    dependencies:
      resolve-pkg-maps: 1.0.0

  hono@4.7.8: {}

  human-signals@2.1.0: {}

  ignore@5.3.2: {}

  is-stream@2.0.1: {}

  isexe@2.0.0: {}

  isexe@3.1.1: {}

  merge-stream@2.0.0: {}

  mimic-fn@2.1.0: {}

  npm-run-path@4.0.1:
    dependencies:
      path-key: 3.1.1

  object-treeify@1.1.33: {}

  onetime@5.1.2:
    dependencies:
      mimic-fn: 2.1.0

  path-key@3.1.1: {}

  picomatch@4.0.2: {}

  resolve-pkg-maps@1.0.0: {}

  shebang-command@2.0.0:
    dependencies:
      shebang-regex: 3.0.0

  shebang-regex@3.0.0: {}

  signal-exit@3.0.7: {}

  strip-final-newline@2.0.0: {}

  tsx@4.19.4:
    dependencies:
      esbuild: 0.25.3
      get-tsconfig: 4.10.0
    optionalDependencies:
      fsevents: 2.3.3

  typescript@5.8.3: {}

  undici-types@6.19.8: {}

  which@2.0.2:
    dependencies:
      isexe: 2.0.0

  which@4.0.0:
    dependencies:
      isexe: 3.1.1
